// !$*UTF8*$!
{
	archiveVersion = 1;
	classes = {
	};
	objectVersion = 56;
	objects = {

/* Begin PBXBuildFile section */
		652071322F217B1A00EDFBA1 /* CardStyle.swift in Sources */ = {isa = PBXBuildFile; fileRef = 652071312F217B1700EDFBA1 /* CardStyle.swift */; };
		653F6F982F11AED4006DE91E /* BluetoothManager.swift in Sources */ = {isa = PBXBuildFile; fileRef = 653F6F972F11AED0006DE91E /* BluetoothManager.swift */; };
		653F6F9C2F11B7A6006DE91E /* MetricCard.swift in Sources */ = {isa = PBXBuildFile; fileRef = 653F6F9B2F11B7A4006DE91E /* MetricCard.swift */; };
		653F6F9F2F11C3D3006DE91E /* BikeMetrics.swift in Sources */ = {isa = PBXBuildFile; fileRef = 653F6F9E2F11C3D1006DE91E /* BikeMetrics.swift */; };
		653F6FA32F11C3ED006DE91E /* FTMSIndoorBikeParser.swift in Sources */ = {isa = PBXBuildFile; fileRef = 653F6FA22F11C3ED006DE91E /* FTMSIndoorBikeParser.swift */; };
		653F6FA92F11D0A4006DE91E /* Settings.swift in Sources */ = {isa = PBXBuildFile; fileRef = 653F6FA82F11D0A2006DE91E /* Settings.swift */; };
		9F3A1B2C3D4E5F60718293A4 /* FTPSettings.swift in Sources */ = {isa = PBXBuildFile; fileRef = 9F3A1B2C3D4E5F60718293A5 /* FTPSettings.swift */; };
		653F6FB52F14114A006DE91E /* UserSettings.swift in Sources */ = {isa = PBXBuildFile; fileRef = 653F6FB42F141145006DE91E /* UserSettings.swift */; };
		653F6FB72F14244E006DE91E /* WorkoutCard.swift in Sources */ = {isa = PBXBuildFile; fileRef = 653F6FB62F142447006DE91E /* WorkoutCard.swift */; };
		654ABC272F3123CA000263D9 /* Media.xcassets in Resources */ = {isa = PBXBuildFile; fileRef = 654ABC262F3123CA000263D9 /* Media.xcassets */; };
		658197292F16CF5D0004C85A /* Icons.xcassets in Resources */ = {isa = PBXBuildFile; fileRef = 658197282F16CF5D0004C85A /* Icons.xcassets */; };
		658349392F31570F00F517A1 /* Supabase in Frameworks */ = {isa = PBXBuildFile; productRef = 658349382F31570F00F517A1 /* Supabase */; };
		65DAFA6D2F1EC12100C8F940 /* BluetoothStatus.swift in Sources */ = {isa = PBXBuildFile; fileRef = 65DAFA6C2F1EC11000C8F940 /* BluetoothStatus.swift */; };
		65DAFA6F2F1F067800C8F940 /* Controls.swift in Sources */ = {isa = PBXBuildFile; fileRef = 65DAFA6E2F1F067600C8F940 /* Controls.swift */; };
		65DAFA732F1FCAFE00C8F940 /* Constants.swift in Sources */ = {isa = PBXBuildFile; fileRef = 65DAFA722F1FCAFE00C8F940 /* Constants.swift */; };
		65DAFA752F1FD3B100C8F940 /* Copy.swift in Sources */ = {isa = PBXBuildFile; fileRef = 65DAFA742F1FD3B100C8F940 /* Copy.swift */; };
		65DAFA812F20AAAA00C8F940 /* LiveMetricsGrid.swift in Sources */ = {isa = PBXBuildFile; fileRef = 65DAFA802F20AAAA00C8F940 /* LiveMetricsGrid.swift */; };
		65DAFA832F20AAAB00C8F940 /* JustRideWorkoutSource.swift in Sources */ = {isa = PBXBuildFile; fileRef = 65DAFA822F20AAAB00C8F940 /* JustRideWorkoutSource.swift */; };
		65DAFA852F20ABF100C8F940 /* LoadedWorkout.swift in Sources */ = {isa = PBXBuildFile; fileRef = 65DAFA842F20ABF100C8F940 /* LoadedWorkout.swift */; };
		65DE043A2F21AB48007F7071 /* Launch Screen.storyboard in Resources */ = {isa = PBXBuildFile; fileRef = 65DE04392F21AB48007F7071 /* Launch Screen.storyboard */; };
		65DE043E2F22D488007F7071 /* BluetoothDialog.swift in Sources */ = {isa = PBXBuildFile; fileRef = 65DE043D2F22D47B007F7071 /* BluetoothDialog.swift */; };
		65F559F72EF5CEBD007AD1D9 /* ZwiftWorkoutSource.swift in Sources */ = {isa = PBXBuildFile; fileRef = 65F559F52EF5CEB8007AD1D9 /* ZwiftWorkoutSource.swift */; };
		65F55A002EFAF391007AD1D9 /* README.md in Resources */ = {isa = PBXBuildFile; fileRef = 65F559FF2EFAF391007AD1D9 /* README.md */; };
		65F55A032EFAFEF7007AD1D9 /* PowerZone.swift in Sources */ = {isa = PBXBuildFile; fileRef = 65F55A022EFAFEF6007AD1D9 /* PowerZone.swift */; };
		65FBC7E02EF4711F0047A9FC /* WorkoutList.swift in Sources */ = {isa = PBXBuildFile; fileRef = 65FBC7DF2EF471170047A9FC /* WorkoutList.swift */; };
		65FBC7E42EF49B350047A9FC /* Control.swift in Sources */ = {isa = PBXBuildFile; fileRef = 65FBC7E32EF49B320047A9FC /* Control.swift */; };
		A1000001 /* WorkoutCave.swift in Sources */ = {isa = PBXBuildFile; fileRef = A1000002 /* WorkoutCave.swift */; };
		A1000003 /* WorkoutPlayback.swift in Sources */ = {isa = PBXBuildFile; fileRef = A1000004 /* WorkoutPlayback.swift */; };
		A1000005 /* WorkoutEngine.swift in Sources */ = {isa = PBXBuildFile; fileRef = A1000006 /* WorkoutEngine.swift */; };
		A1000007 /* ZWOParser.swift in Sources */ = {isa = PBXBuildFile; fileRef = A1000008 /* ZWOParser.swift */; };
		A1000009 /* Workout.swift in Sources */ = {isa = PBXBuildFile; fileRef = A1000010 /* Workout.swift */; };
		A2000001 /* TermsAndConditionsView.swift in Sources */ = {isa = PBXBuildFile; fileRef = A2000002 /* TermsAndConditionsView.swift */; };
		A2000003 /* TermsAndConditions.txt in Resources */ = {isa = PBXBuildFile; fileRef = A2000004 /* TermsAndConditions.txt */; };
		A2000005 /* Metric.swift in Sources */ = {isa = PBXBuildFile; fileRef = A2000006 /* Metric.swift */; };
		A2000008 /* Onboarding.swift in Sources */ = {isa = PBXBuildFile; fileRef = A2000007 /* Onboarding.swift */; };
		A3000003 /* NetworkConfig.swift in Sources */ = {isa = PBXBuildFile; fileRef = A3000002 /* NetworkConfig.swift */; };
		A3000005 /* NetworkClient.swift in Sources */ = {isa = PBXBuildFile; fileRef = A3000004 /* NetworkClient.swift */; };
		A3000007 /* WorkoutAPI.swift in Sources */ = {isa = PBXBuildFile; fileRef = A3000006 /* WorkoutAPI.swift */; };
		A3000009 /* NetworkWorkoutSource.swift in Sources */ = {isa = PBXBuildFile; fileRef = A3000008 /* NetworkWorkoutSource.swift */; };
		B10F00012F31570000000F /* WorkoutTests.swift in Sources */ = {isa = PBXBuildFile; fileRef = B10A00012F31570000000A /* WorkoutTests.swift */; };
		B11000022F315700000010 /* PowerTargetTests.swift in Sources */ = {isa = PBXBuildFile; fileRef = B10B00022F31570000000B /* PowerTargetTests.swift */; };
		B11100032F315700000011 /* PowerZoneTests.swift in Sources */ = {isa = PBXBuildFile; fileRef = B10C00032F31570000000C /* PowerZoneTests.swift */; };
		B11200042F315700000012 /* WorkoutAPIMappingTests.swift in Sources */ = {isa = PBXBuildFile; fileRef = B10D00042F31570000000D /* WorkoutAPIMappingTests.swift */; };
		B11300052F315700000013 /* ZWOParserTests.swift in Sources */ = {isa = PBXBuildFile; fileRef = B10E00052F31570000000E /* ZWOParserTests.swift */; };
/* End PBXBuildFile section */

/* Begin PBXFileReference section */
		652071312F217B1700EDFBA1 /* CardStyle.swift */ = {isa = PBXFileReference; lastKnownFileType = sourcecode.swift; path = CardStyle.swift; sourceTree = "<group>"; };
		653F6F972F11AED0006DE91E /* BluetoothManager.swift */ = {isa = PBXFileReference; lastKnownFileType = sourcecode.swift; path = BluetoothManager.swift; sourceTree = "<group>"; };
		653F6F9B2F11B7A4006DE91E /* MetricCard.swift */ = {isa = PBXFileReference; lastKnownFileType = sourcecode.swift; path = MetricCard.swift; sourceTree = "<group>"; };
		653F6F9E2F11C3D1006DE91E /* BikeMetrics.swift */ = {isa = PBXFileReference; lastKnownFileType = sourcecode.swift; path = BikeMetrics.swift; sourceTree = "<group>"; };
		653F6FA22F11C3ED006DE91E /* FTMSIndoorBikeParser.swift */ = {isa = PBXFileReference; lastKnownFileType = sourcecode.swift; path = FTMSIndoorBikeParser.swift; sourceTree = "<group>"; };
		653F6FA82F11D0A2006DE91E /* Settings.swift */ = {isa = PBXFileReference; lastKnownFileType = sourcecode.swift; path = Settings.swift; sourceTree = "<group>"; };
		9F3A1B2C3D4E5F60718293A5 /* FTPSettings.swift */ = {isa = PBXFileReference; lastKnownFileType = sourcecode.swift; path = FTPSettings.swift; sourceTree = "<group>"; };
		653F6FB42F141145006DE91E /* UserSettings.swift */ = {isa = PBXFileReference; lastKnownFileType = sourcecode.swift; path = UserSettings.swift; sourceTree = "<group>"; };
		653F6FB62F142447006DE91E /* WorkoutCard.swift */ = {isa = PBXFileReference; lastKnownFileType = sourcecode.swift; path = WorkoutCard.swift; sourceTree = "<group>"; };
		654ABC262F3123CA000263D9 /* Media.xcassets */ = {isa = PBXFileReference; lastKnownFileType = folder.assetcatalog; path = Media.xcassets; sourceTree = "<group>"; };
		658197282F16CF5D0004C85A /* Icons.xcassets */ = {isa = PBXFileReference; lastKnownFileType = folder.assetcatalog; path = Icons.xcassets; sourceTree = "<group>"; };
		65DAFA6C2F1EC11000C8F940 /* BluetoothStatus.swift */ = {isa = PBXFileReference; lastKnownFileType = sourcecode.swift; path = BluetoothStatus.swift; sourceTree = "<group>"; };
		65DAFA6E2F1F067600C8F940 /* Controls.swift */ = {isa = PBXFileReference; lastKnownFileType = sourcecode.swift; path = Controls.swift; sourceTree = "<group>"; };
		65DAFA722F1FCAFE00C8F940 /* Constants.swift */ = {isa = PBXFileReference; lastKnownFileType = sourcecode.swift; path = Constants.swift; sourceTree = "<group>"; };
		65DAFA742F1FD3B100C8F940 /* Copy.swift */ = {isa = PBXFileReference; lastKnownFileType = sourcecode.swift; path = Copy.swift; sourceTree = "<group>"; };
		65DAFA802F20AAAA00C8F940 /* LiveMetricsGrid.swift */ = {isa = PBXFileReference; lastKnownFileType = sourcecode.swift; path = LiveMetricsGrid.swift; sourceTree = "<group>"; };
		65DAFA822F20AAAB00C8F940 /* JustRideWorkoutSource.swift */ = {isa = PBXFileReference; lastKnownFileType = sourcecode.swift; path = JustRideWorkoutSource.swift; sourceTree = "<group>"; };
		65DAFA842F20ABF100C8F940 /* LoadedWorkout.swift */ = {isa = PBXFileReference; lastKnownFileType = sourcecode.swift; path = LoadedWorkout.swift; sourceTree = "<group>"; };
		65DE04392F21AB48007F7071 /* Launch Screen.storyboard */ = {isa = PBXFileReference; lastKnownFileType = file.storyboard; path = "Launch Screen.storyboard"; sourceTree = "<group>"; };
		65DE043D2F22D47B007F7071 /* BluetoothDialog.swift */ = {isa = PBXFileReference; lastKnownFileType = sourcecode.swift; path = BluetoothDialog.swift; sourceTree = "<group>"; };
		65F559F52EF5CEB8007AD1D9 /* ZwiftWorkoutSource.swift */ = {isa = PBXFileReference; lastKnownFileType = sourcecode.swift; path = ZwiftWorkoutSource.swift; sourceTree = "<group>"; };
		65F559FF2EFAF391007AD1D9 /* README.md */ = {isa = PBXFileReference; lastKnownFileType = net.daringfireball.markdown; path = README.md; sourceTree = SOURCE_ROOT; };
		65F55A022EFAFEF6007AD1D9 /* PowerZone.swift */ = {isa = PBXFileReference; lastKnownFileType = sourcecode.swift; path = PowerZone.swift; sourceTree = "<group>"; };
		65FBC7DF2EF471170047A9FC /* WorkoutList.swift */ = {isa = PBXFileReference; lastKnownFileType = sourcecode.swift; path = WorkoutList.swift; sourceTree = "<group>"; };
		65FBC7E32EF49B320047A9FC /* Control.swift */ = {isa = PBXFileReference; lastKnownFileType = sourcecode.swift; path = Control.swift; sourceTree = "<group>"; };
		A1000000 /* WorkoutCave.app */ = {isa = PBXFileReference; explicitFileType = wrapper.application; includeInIndex = 0; path = WorkoutCave.app; sourceTree = BUILT_PRODUCTS_DIR; };
		A1000002 /* WorkoutCave.swift */ = {isa = PBXFileReference; lastKnownFileType = sourcecode.swift; path = WorkoutCave.swift; sourceTree = "<group>"; };
		A1000004 /* WorkoutPlayback.swift */ = {isa = PBXFileReference; lastKnownFileType = sourcecode.swift; path = WorkoutPlayback.swift; sourceTree = "<group>"; };
		A1000006 /* WorkoutEngine.swift */ = {isa = PBXFileReference; lastKnownFileType = sourcecode.swift; path = WorkoutEngine.swift; sourceTree = "<group>"; };
		A1000008 /* ZWOParser.swift */ = {isa = PBXFileReference; lastKnownFileType = sourcecode.swift; path = ZWOParser.swift; sourceTree = "<group>"; };
		A1000010 /* Workout.swift */ = {isa = PBXFileReference; lastKnownFileType = sourcecode.swift; path = Workout.swift; sourceTree = "<group>"; };
		A1000013 /* Info.plist */ = {isa = PBXFileReference; lastKnownFileType = text.plist.xml; path = Info.plist; sourceTree = "<group>"; };
		A2000002 /* TermsAndConditionsView.swift */ = {isa = PBXFileReference; lastKnownFileType = sourcecode.swift; path = TermsAndConditionsView.swift; sourceTree = "<group>"; };
		A2000004 /* TermsAndConditions.txt */ = {isa = PBXFileReference; lastKnownFileType = text; path = TermsAndConditions.txt; sourceTree = "<group>"; };
		A2000006 /* Metric.swift */ = {isa = PBXFileReference; lastKnownFileType = sourcecode.swift; path = Metric.swift; sourceTree = "<group>"; };
		A2000007 /* Onboarding.swift */ = {isa = PBXFileReference; lastKnownFileType = sourcecode.swift; path = Onboarding.swift; sourceTree = "<group>"; };
		A3000002 /* NetworkConfig.swift */ = {isa = PBXFileReference; lastKnownFileType = sourcecode.swift; path = NetworkConfig.swift; sourceTree = "<group>"; };
		A3000004 /* NetworkClient.swift */ = {isa = PBXFileReference; lastKnownFileType = sourcecode.swift; path = NetworkClient.swift; sourceTree = "<group>"; };
		A3000006 /* WorkoutAPI.swift */ = {isa = PBXFileReference; lastKnownFileType = sourcecode.swift; path = WorkoutAPI.swift; sourceTree = "<group>"; };
		A3000008 /* NetworkWorkoutSource.swift */ = {isa = PBXFileReference; lastKnownFileType = sourcecode.swift; path = NetworkWorkoutSource.swift; sourceTree = "<group>"; };
		B10300002F315700000003 /* WorkoutCaveTests.xctest */ = {isa = PBXFileReference; explicitFileType = wrapper.cfbundle; includeInIndex = 0; path = WorkoutCaveTests.xctest; sourceTree = BUILT_PRODUCTS_DIR; };
		B10A00012F31570000000A /* WorkoutTests.swift */ = {isa = PBXFileReference; lastKnownFileType = sourcecode.swift; path = WorkoutTests.swift; sourceTree = "<group>"; };
		B10B00022F31570000000B /* PowerTargetTests.swift */ = {isa = PBXFileReference; lastKnownFileType = sourcecode.swift; path = PowerTargetTests.swift; sourceTree = "<group>"; };
		B10C00032F31570000000C /* PowerZoneTests.swift */ = {isa = PBXFileReference; lastKnownFileType = sourcecode.swift; path = PowerZoneTests.swift; sourceTree = "<group>"; };
		B10D00042F31570000000D /* WorkoutAPIMappingTests.swift */ = {isa = PBXFileReference; lastKnownFileType = sourcecode.swift; path = WorkoutAPIMappingTests.swift; sourceTree = "<group>"; };
		B10E00052F31570000000E /* ZWOParserTests.swift */ = {isa = PBXFileReference; lastKnownFileType = sourcecode.swift; path = ZWOParserTests.swift; sourceTree = "<group>"; };
/* End PBXFileReference section */

/* Begin PBXFrameworksBuildPhase section */
		658349362F31570800F517A1 /* Frameworks */ = {
			isa = PBXFrameworksBuildPhase;
			buildActionMask = 2147483647;
			files = (
				658349392F31570F00F517A1 /* Supabase in Frameworks */,
			);
			runOnlyForDeploymentPostprocessing = 0;
		};
/* End PBXFrameworksBuildPhase section */

/* Begin PBXGroup section */
		6520712B2F203EEC00EDFBA1 /* Models */ = {
			isa = PBXGroup;
			children = (
				65DAFA842F20ABF100C8F940 /* LoadedWorkout.swift */,
				A1000010 /* Workout.swift */,
			);
			path = Models;
			sourceTree = "<group>";
		};
		6520712C2F20415B00EDFBA1 /* Bluetooth */ = {
			isa = PBXGroup;
			children = (
				6520712D2F20416800EDFBA1 /* Views */,
				653F6F962F11AECA006DE91E /* Managers */,
			);
			path = Bluetooth;
			sourceTree = "<group>";
		};
		6520712D2F20416800EDFBA1 /* Views */ = {
			isa = PBXGroup;
			children = (
				65DE043D2F22D47B007F7071 /* BluetoothDialog.swift */,
				65DAFA6C2F1EC11000C8F940 /* BluetoothStatus.swift */,
			);
			path = Views;
			sourceTree = "<group>";
		};
		652071302F217B0700EDFBA1 /* Core */ = {
			isa = PBXGroup;
			children = (
				652071312F217B1700EDFBA1 /* CardStyle.swift */,
			);
			path = Core;
			sourceTree = "<group>";
		};
		653F6F962F11AECA006DE91E /* Managers */ = {
			isa = PBXGroup;
			children = (
				653F6F972F11AED0006DE91E /* BluetoothManager.swift */,
			);
			path = Managers;
			sourceTree = "<group>";
		};
		653F6FA42F11CE57006DE91E /* Metrics */ = {
			isa = PBXGroup;
			children = (
				653F6FA62F11CED5006DE91E /* Views */,
				65F55A012EFAFEED007AD1D9 /* Models */,
				653F6FA52F11CEBF006DE91E /* Parsing */,
			);
			path = Metrics;
			sourceTree = "<group>";
		};
		653F6FA52F11CEBF006DE91E /* Parsing */ = {
			isa = PBXGroup;
			children = (
				653F6FA22F11C3ED006DE91E /* FTMSIndoorBikeParser.swift */,
			);
			path = Parsing;
			sourceTree = "<group>";
		};
		653F6FA62F11CED5006DE91E /* Views */ = {
			isa = PBXGroup;
			children = (
				65DAFA802F20AAAA00C8F940 /* LiveMetricsGrid.swift */,
				653F6F9B2F11B7A4006DE91E /* MetricCard.swift */,
			);
			path = Views;
			sourceTree = "<group>";
		};
		653F6FA72F11D094006DE91E /* Settings */ = {
			isa = PBXGroup;
			children = (
				653F6FB42F141145006DE91E /* UserSettings.swift */,
				653F6FA82F11D0A2006DE91E /* Settings.swift */,
				9F3A1B2C3D4E5F60718293A5 /* FTPSettings.swift */,
				A2000002 /* TermsAndConditionsView.swift */,
			);
			path = Settings;
			sourceTree = "<group>";
		};
		658197252F16CE8F0004C85A /* Resources */ = {
			isa = PBXGroup;
			children = (
				65DAFA742F1FD3B100C8F940 /* Copy.swift */,
				65DAFA722F1FCAFE00C8F940 /* Constants.swift */,
				A2000004 /* TermsAndConditions.txt */,
				658197282F16CF5D0004C85A /* Icons.xcassets */,
				654ABC262F3123CA000263D9 /* Media.xcassets */,
				65DE04392F21AB48007F7071 /* Launch Screen.storyboard */,
			);
			path = Resources;
			sourceTree = "<group>";
		};
		658349372F31570F00F517A1 /* Frameworks */ = {
			isa = PBXGroup;
			children = (
			);
			name = Frameworks;
			sourceTree = "<group>";
		};
		65F559FA2EF5D423007AD1D9 /* Sources */ = {
			isa = PBXGroup;
			children = (
				65DAFA822F20AAAB00C8F940 /* JustRideWorkoutSource.swift */,
				65F559F52EF5CEB8007AD1D9 /* ZwiftWorkoutSource.swift */,
			);
			path = Sources;
			sourceTree = "<group>";
		};
		65F55A012EFAFEED007AD1D9 /* Models */ = {
			isa = PBXGroup;
			children = (
				653F6F9E2F11C3D1006DE91E /* BikeMetrics.swift */,
				A2000006 /* Metric.swift */,
				65F55A022EFAFEF6007AD1D9 /* PowerZone.swift */,
			);
			path = Models;
			sourceTree = "<group>";
		};
		A1000014 = {
			isa = PBXGroup;
			children = (
				A1000015 /* WorkoutCave */,
				B10100112F315700000001 /* WorkoutCaveTests */,
				658349372F31570F00F517A1 /* Frameworks */,
				A1000016 /* Products */,
			);
			sourceTree = "<group>";
		};
		B10100112F315700000001 /* WorkoutCaveTests */ = {
			isa = PBXGroup;
			children = (
				B10A00012F31570000000A /* WorkoutTests.swift */,
				B10B00022F31570000000B /* PowerTargetTests.swift */,
				B10C00032F31570000000C /* PowerZoneTests.swift */,
				B10D00042F31570000000D /* WorkoutAPIMappingTests.swift */,
				B10E00052F31570000000E /* ZWOParserTests.swift */,
			);
			path = WorkoutCaveTests;
			sourceTree = "<group>";
		};
		A1000015 /* WorkoutCave */ = {
			isa = PBXGroup;
			children = (
				A1000002 /* WorkoutCave.swift */,
				A2000009 /* Onboarding */,
				A3000001 /* Networking */,
				A1000029 /* Workout */,
				6520712C2F20415B00EDFBA1 /* Bluetooth */,
				653F6FA42F11CE57006DE91E /* Metrics */,
				653F6FA72F11D094006DE91E /* Settings */,
				652071302F217B0700EDFBA1 /* Core */,
				658197252F16CE8F0004C85A /* Resources */,
				A1000013 /* Info.plist */,
				65F559FF2EFAF391007AD1D9 /* README.md */,
			);
			path = WorkoutCave;
			sourceTree = "<group>";
		};
		A1000016 /* Products */ = {
			isa = PBXGroup;
			children = (
				A1000000 /* WorkoutCave.app */,
				B10300002F315700000003 /* WorkoutCaveTests.xctest */,
			);
			name = Products;
			sourceTree = "<group>";
		};
		A1000027 /* Views */ = {
			isa = PBXGroup;
			children = (
				65FBC7E32EF49B320047A9FC /* Control.swift */,
				65DAFA6E2F1F067600C8F940 /* Controls.swift */,
				653F6FB62F142447006DE91E /* WorkoutCard.swift */,
				65FBC7DF2EF471170047A9FC /* WorkoutList.swift */,
				A1000004 /* WorkoutPlayback.swift */,
			);
			path = Views;
			sourceTree = "<group>";
		};
		A1000028 /* ViewModels */ = {
			isa = PBXGroup;
			children = (
				A1000006 /* WorkoutEngine.swift */,
			);
			path = ViewModels;
			sourceTree = "<group>";
		};
		A1000029 /* Workout */ = {
			isa = PBXGroup;
			children = (
				A1000027 /* Views */,
				A1000028 /* ViewModels */,
				6520712B2F203EEC00EDFBA1 /* Models */,
				65F559FA2EF5D423007AD1D9 /* Sources */,
				A1000030 /* Parsing */,
			);
			path = Workout;
			sourceTree = "<group>";
		};
		A1000030 /* Parsing */ = {
			isa = PBXGroup;
			children = (
				A1000008 /* ZWOParser.swift */,
			);
			path = Parsing;
			sourceTree = "<group>";
		};
		A2000009 /* Onboarding */ = {
			isa = PBXGroup;
			children = (
				A2000007 /* Onboarding.swift */,
			);
			path = Onboarding;
			sourceTree = "<group>";
		};
		A3000001 /* Networking */ = {
			isa = PBXGroup;
			children = (
				A3000002 /* NetworkConfig.swift */,
				A3000004 /* NetworkClient.swift */,
				A3000006 /* WorkoutAPI.swift */,
				A3000008 /* NetworkWorkoutSource.swift */,
			);
			path = Networking;
			sourceTree = "<group>";
		};
/* End PBXGroup section */

/* Begin PBXNativeTarget section */
		A1000017 /* WorkoutCave */ = {
			isa = PBXNativeTarget;
			buildConfigurationList = A1000018 /* Build configuration list for PBXNativeTarget "WorkoutCave" */;
			buildPhases = (
				A1000019 /* Sources */,
				A1000020 /* Resources */,
				658349362F31570800F517A1 /* Frameworks */,
			);
			buildRules = (
			);
			dependencies = (
				651C9F2B2F3153A50057B4AD /* PBXTargetDependency */,
			);
			name = WorkoutCave;
			productName = WorkoutCave;
			productReference = A1000000 /* WorkoutCave.app */;
			productType = "com.apple.product-type.application";
		};
		B10200172F315700000002 /* WorkoutCaveTests */ = {
			isa = PBXNativeTarget;
			buildConfigurationList = B10700182F315700000007 /* Build configuration list for PBXNativeTarget "WorkoutCaveTests" */;
			buildPhases = (
				B10400192F315700000004 /* Sources */,
			);
			buildRules = (
			);
			dependencies = (
				B105002B2F315700000005 /* PBXTargetDependency */,
			);
			name = WorkoutCaveTests;
			productName = WorkoutCaveTests;
			productReference = B10300002F315700000003 /* WorkoutCaveTests.xctest */;
			productType = "com.apple.product-type.bundle.unit-test";
		};
/* End PBXNativeTarget section */

/* Begin PBXProject section */
		A1000021 /* Project object */ = {
			isa = PBXProject;
			attributes = {
				BuildIndependentTargetsInParallel = 1;
				LastSwiftUpdateCheck = 1500;
				LastUpgradeCheck = 1500;
			};
			buildConfigurationList = A1000022 /* Build configuration list for PBXProject "WorkoutCave" */;
			compatibilityVersion = "Xcode 14.0";
			developmentRegion = en;
			hasScannedForEncodings = 0;
			knownRegions = (
				en,
				Base,
			);
			mainGroup = A1000014;
			packageReferences = (
				651C9F252F3153610057B4AD /* XCRemoteSwiftPackageReference "supabase-swift" */,
			);
			productRefGroup = A1000016 /* Products */;
			projectDirPath = "";
			projectRoot = "";
			targets = (
				A1000017 /* WorkoutCave */,
				B10200172F315700000002 /* WorkoutCaveTests */,
			);
		};
/* End PBXProject section */

/* Begin PBXResourcesBuildPhase section */
		A1000020 /* Resources */ = {
			isa = PBXResourcesBuildPhase;
			buildActionMask = 2147483647;
			files = (
				65F55A002EFAF391007AD1D9 /* README.md in Resources */,
				A2000003 /* TermsAndConditions.txt in Resources */,
				658197292F16CF5D0004C85A /* Icons.xcassets in Resources */,
				65DE043A2F21AB48007F7071 /* Launch Screen.storyboard in Resources */,
				654ABC272F3123CA000263D9 /* Media.xcassets in Resources */,
			);
			runOnlyForDeploymentPostprocessing = 0;
		};
/* End PBXResourcesBuildPhase section */

/* Begin PBXSourcesBuildPhase section */
		B10400192F315700000004 /* Sources */ = {
			isa = PBXSourcesBuildPhase;
			buildActionMask = 2147483647;
			files = (
				B10F00012F31570000000F /* WorkoutTests.swift in Sources */,
				B11000022F315700000010 /* PowerTargetTests.swift in Sources */,
				B11100032F315700000011 /* PowerZoneTests.swift in Sources */,
				B11200042F315700000012 /* WorkoutAPIMappingTests.swift in Sources */,
				B11300052F315700000013 /* ZWOParserTests.swift in Sources */,
			);
			runOnlyForDeploymentPostprocessing = 0;
		};
		A1000019 /* Sources */ = {
			isa = PBXSourcesBuildPhase;
			buildActionMask = 2147483647;
			files = (
				653F6FA32F11C3ED006DE91E /* FTMSIndoorBikeParser.swift in Sources */,
				65DE043E2F22D488007F7071 /* BluetoothDialog.swift in Sources */,
				65DAFA732F1FCAFE00C8F940 /* Constants.swift in Sources */,
				65DAFA752F1FD3B100C8F940 /* Copy.swift in Sources */,
				65DAFA812F20AAAA00C8F940 /* LiveMetricsGrid.swift in Sources */,
				65DAFA852F20ABF100C8F940 /* LoadedWorkout.swift in Sources */,
				A1000001 /* WorkoutCave.swift in Sources */,
				A1000003 /* WorkoutPlayback.swift in Sources */,
				653F6F982F11AED4006DE91E /* BluetoothManager.swift in Sources */,
				A1000005 /* WorkoutEngine.swift in Sources */,
				65DAFA832F20AAAB00C8F940 /* JustRideWorkoutSource.swift in Sources */,
				653F6FB72F14244E006DE91E /* WorkoutCard.swift in Sources */,
				653F6FA92F11D0A4006DE91E /* Settings.swift in Sources */,
				9F3A1B2C3D4E5F60718293A4 /* FTPSettings.swift in Sources */,
				653F6F9C2F11B7A6006DE91E /* MetricCard.swift in Sources */,
				65F559F72EF5CEBD007AD1D9 /* ZwiftWorkoutSource.swift in Sources */,
				65DAFA6F2F1F067800C8F940 /* Controls.swift in Sources */,
				A2000005 /* Metric.swift in Sources */,
				A2000008 /* Onboarding.swift in Sources */,
				A3000003 /* NetworkConfig.swift in Sources */,
				A3000005 /* NetworkClient.swift in Sources */,
				A3000007 /* WorkoutAPI.swift in Sources */,
				A3000009 /* NetworkWorkoutSource.swift in Sources */,
				65FBC7E42EF49B350047A9FC /* Control.swift in Sources */,
				65FBC7E02EF4711F0047A9FC /* WorkoutList.swift in Sources */,
				A1000007 /* ZWOParser.swift in Sources */,
				A2000001 /* TermsAndConditionsView.swift in Sources */,
				65F55A032EFAFEF7007AD1D9 /* PowerZone.swift in Sources */,
				653F6FB52F14114A006DE91E /* UserSettings.swift in Sources */,
				653F6F9F2F11C3D3006DE91E /* BikeMetrics.swift in Sources */,
				652071322F217B1A00EDFBA1 /* CardStyle.swift in Sources */,
				65DAFA6D2F1EC12100C8F940 /* BluetoothStatus.swift in Sources */,
				A1000009 /* Workout.swift in Sources */,
			);
			runOnlyForDeploymentPostprocessing = 0;
		};
/* End PBXSourcesBuildPhase section */

/* Begin PBXContainerItemProxy section */
		B105002C2F315700000006 /* PBXContainerItemProxy */ = {
			isa = PBXContainerItemProxy;
			containerPortal = A1000021 /* Project object */;
			proxyType = 1;
			remoteGlobalIDString = A1000017 /* WorkoutCave */;
			remoteInfo = WorkoutCave;
		};
/* End PBXContainerItemProxy section */

/* Begin PBXTargetDependency section */
		651C9F2B2F3153A50057B4AD /* PBXTargetDependency */ = {
			isa = PBXTargetDependency;
			productRef = 651C9F2A2F3153A50057B4AD /* Supabase */;
		};
		B105002B2F315700000005 /* PBXTargetDependency */ = {
			isa = PBXTargetDependency;
			target = A1000017 /* WorkoutCave */;
			targetProxy = B105002C2F315700000006 /* PBXContainerItemProxy */;
		};
/* End PBXTargetDependency section */

/* Begin XCBuildConfiguration section */
		A1000023 /* Debug */ = {
			isa = XCBuildConfiguration;
			buildSettings = {
				ALWAYS_SEARCH_USER_PATHS = NO;
				ASSETCATALOG_COMPILER_GENERATE_SWIFT_ASSET_SYMBOL_EXTENSIONS = YES;
				CLANG_ANALYZER_NONNULL = YES;
				CLANG_ANALYZER_NUMBER_OBJECT_CONVERSION = YES_AGGRESSIVE;
				CLANG_CXX_LANGUAGE_STANDARD = "gnu++20";
				CLANG_ENABLE_MODULES = YES;
				CLANG_ENABLE_OBJC_ARC = YES;
				CLANG_ENABLE_OBJC_WEAK = YES;
				CLANG_WARN_BLOCK_CAPTURE_AUTORELEASING = YES;
				CLANG_WARN_BOOL_CONVERSION = YES;
				CLANG_WARN_COMMA = YES;
				CLANG_WARN_CONSTANT_CONVERSION = YES;
				CLANG_WARN_DEPRECATED_OBJC_IMPLEMENTATIONS = YES;
				CLANG_WARN_DIRECT_OBJC_ISA_USAGE = YES_ERROR;
				CLANG_WARN_DOCUMENTATION_COMMENTS = YES;
				CLANG_WARN_EMPTY_BODY = YES;
				CLANG_WARN_ENUM_CONVERSION = YES;
				CLANG_WARN_INFINITE_RECURSION = YES;
				CLANG_WARN_INT_CONVERSION = YES;
				CLANG_WARN_NON_LITERAL_NULL_CONVERSION = YES;
				CLANG_WARN_OBJC_IMPLICIT_RETAIN_SELF = YES;
				CLANG_WARN_OBJC_LITERAL_CONVERSION = YES;
				CLANG_WARN_OBJC_ROOT_CLASS = YES_ERROR;
				CLANG_WARN_QUOTED_INCLUDE_IN_FRAMEWORK_HEADER = YES;
				CLANG_WARN_RANGE_LOOP_ANALYSIS = YES;
				CLANG_WARN_STRICT_PROTOTYPES = YES;
				CLANG_WARN_SUSPICIOUS_MOVE = YES;
				CLANG_WARN_UNGUARDED_AVAILABILITY = YES_AGGRESSIVE;
				CLANG_WARN_UNREACHABLE_CODE = YES;
				CLANG_WARN__DUPLICATE_METHOD_MATCH = YES;
				COPY_PHASE_STRIP = NO;
				DEBUG_INFORMATION_FORMAT = dwarf;
				ENABLE_STRICT_OBJC_MSGSEND = YES;
				ENABLE_TESTABILITY = YES;
				ENABLE_USER_SCRIPT_SANDBOXING = YES;
				GCC_C_LANGUAGE_STANDARD = gnu17;
				GCC_DYNAMIC_NO_PIC = NO;
				GCC_NO_COMMON_BLOCKS = YES;
				GCC_OPTIMIZATION_LEVEL = 0;
				GCC_PREPROCESSOR_DEFINITIONS = (
					"DEBUG=1",
					"$(inherited)",
				);
				GCC_WARN_64_TO_32_BIT_CONVERSION = YES;
				GCC_WARN_ABOUT_RETURN_TYPE = YES_ERROR;
				GCC_WARN_UNDECLARED_SELECTOR = YES;
				GCC_WARN_UNINITIALIZED_AUTOS = YES_AGGRESSIVE;
				GCC_WARN_UNUSED_FUNCTION = YES;
				GCC_WARN_UNUSED_VARIABLE = YES;
				IPHONEOS_DEPLOYMENT_TARGET = 17.0;
				LOCALIZATION_PREFERS_STRING_CATALOGS = YES;
				MTL_ENABLE_DEBUG_INFO = INCLUDE_SOURCE;
				MTL_FAST_MATH = YES;
				ONLY_ACTIVE_ARCH = YES;
				SDKROOT = iphoneos;
				SWIFT_ACTIVE_COMPILATION_CONDITIONS = "DEBUG $(inherited)";
				SWIFT_OPTIMIZATION_LEVEL = "-Onone";
			};
			name = Debug;
		};
		A1000024 /* Release */ = {
			isa = XCBuildConfiguration;
			buildSettings = {
				ALWAYS_SEARCH_USER_PATHS = NO;
				ASSETCATALOG_COMPILER_GENERATE_SWIFT_ASSET_SYMBOL_EXTENSIONS = YES;
				CLANG_ANALYZER_NONNULL = YES;
				CLANG_ANALYZER_NUMBER_OBJECT_CONVERSION = YES_AGGRESSIVE;
				CLANG_CXX_LANGUAGE_STANDARD = "gnu++20";
				CLANG_ENABLE_MODULES = YES;
				CLANG_ENABLE_OBJC_ARC = YES;
				CLANG_ENABLE_OBJC_WEAK = YES;
				CLANG_WARN_BLOCK_CAPTURE_AUTORELEASING = YES;
				CLANG_WARN_BOOL_CONVERSION = YES;
				CLANG_WARN_COMMA = YES;
				CLANG_WARN_CONSTANT_CONVERSION = YES;
				CLANG_WARN_DEPRECATED_OBJC_IMPLEMENTATIONS = YES;
				CLANG_WARN_DIRECT_OBJC_ISA_USAGE = YES_ERROR;
				CLANG_WARN_DOCUMENTATION_COMMENTS = YES;
				CLANG_WARN_EMPTY_BODY = YES;
				CLANG_WARN_ENUM_CONVERSION = YES;
				CLANG_WARN_INFINITE_RECURSION = YES;
				CLANG_WARN_INT_CONVERSION = YES;
				CLANG_WARN_NON_LITERAL_NULL_CONVERSION = YES;
				CLANG_WARN_OBJC_IMPLICIT_RETAIN_SELF = YES;
				CLANG_WARN_OBJC_LITERAL_CONVERSION = YES;
				CLANG_WARN_OBJC_ROOT_CLASS = YES_ERROR;
				CLANG_WARN_QUOTED_INCLUDE_IN_FRAMEWORK_HEADER = YES;
				CLANG_WARN_RANGE_LOOP_ANALYSIS = YES;
				CLANG_WARN_STRICT_PROTOTYPES = YES;
				CLANG_WARN_SUSPICIOUS_MOVE = YES;
				CLANG_WARN_UNGUARDED_AVAILABILITY = YES_AGGRESSIVE;
				CLANG_WARN_UNREACHABLE_CODE = YES;
				CLANG_WARN__DUPLICATE_METHOD_MATCH = YES;
				COPY_PHASE_STRIP = NO;
				DEBUG_INFORMATION_FORMAT = "dwarf-with-dsym";
				ENABLE_NS_ASSERTIONS = NO;
				ENABLE_STRICT_OBJC_MSGSEND = YES;
				ENABLE_USER_SCRIPT_SANDBOXING = YES;
				GCC_C_LANGUAGE_STANDARD = gnu17;
				GCC_NO_COMMON_BLOCKS = YES;
				GCC_WARN_64_TO_32_BIT_CONVERSION = YES;
				GCC_WARN_ABOUT_RETURN_TYPE = YES_ERROR;
				GCC_WARN_UNDECLARED_SELECTOR = YES;
				GCC_WARN_UNINITIALIZED_AUTOS = YES_AGGRESSIVE;
				GCC_WARN_UNUSED_FUNCTION = YES;
				GCC_WARN_UNUSED_VARIABLE = YES;
				IPHONEOS_DEPLOYMENT_TARGET = 17.0;
				LOCALIZATION_PREFERS_STRING_CATALOGS = YES;
				MTL_ENABLE_DEBUG_INFO = NO;
				MTL_FAST_MATH = YES;
				SDKROOT = iphoneos;
				SWIFT_COMPILATION_MODE = wholemodule;
				VALIDATE_PRODUCT = YES;
			};
			name = Release;
		};
		A1000025 /* Debug */ = {
			isa = XCBuildConfiguration;
			buildSettings = {
				ASSETCATALOG_COMPILER_APPICON_NAME = AppIcon;
				ASSETCATALOG_COMPILER_GLOBAL_ACCENT_COLOR_NAME = AccentColor;
				ASSETCATALOG_COMPILER_INCLUDE_ALL_APPICON_ASSETS = NO;
				CODE_SIGN_STYLE = Automatic;
				CURRENT_PROJECT_VERSION = 1;
				DEVELOPMENT_TEAM = BXF2Y7X5P8;
				GENERATE_INFOPLIST_FILE = NO;
				INFOPLIST_FILE = WorkoutCave/Info.plist;
				INFOPLIST_KEY_CFBundleDisplayName = "Workout Cave";
				INFOPLIST_KEY_LSApplicationCategoryType = "public.app-category.healthcare-fitness";
				INFOPLIST_KEY_UIApplicationSupportsIndirectInputEvents = YES;
				INFOPLIST_KEY_UILaunchScreen_Generation = YES;
				INFOPLIST_KEY_UILaunchScreen_Generation_LaunchScreen = YES;
				INFOPLIST_KEY_UISupportedInterfaceOrientations_iPad = "UIInterfaceOrientationPortrait UIInterfaceOrientationPortraitUpsideDown UIInterfaceOrientationLandscapeLeft UIInterfaceOrientationLandscapeRight";
				INFOPLIST_KEY_UISupportedInterfaceOrientations_iPhone = "";
				IPHONEOS_DEPLOYMENT_TARGET = 17;
				LD_RUNPATH_SEARCH_PATHS = (
					"$(inherited)",
					"@executable_path/Frameworks",
				);
				MARKETING_VERSION = 1.0;
				PRODUCT_BUNDLE_IDENTIFIER = com.workoutcave.app;
				PRODUCT_NAME = "$(TARGET_NAME)";
				SUPPORTED_PLATFORMS = "iphoneos iphonesimulator";
				SUPPORTS_MACCATALYST = NO;
				SWIFT_EMIT_LOC_STRINGS = YES;
				SWIFT_VERSION = 5.0;
				TARGETED_DEVICE_FAMILY = "1,2";
			};
			name = Debug;
		};
		A1000026 /* Release */ = {
			isa = XCBuildConfiguration;
			buildSettings = {
				ASSETCATALOG_COMPILER_APPICON_NAME = AppIcon;
				ASSETCATALOG_COMPILER_GLOBAL_ACCENT_COLOR_NAME = AccentColor;
				ASSETCATALOG_COMPILER_INCLUDE_ALL_APPICON_ASSETS = NO;
				CODE_SIGN_STYLE = Automatic;
				CURRENT_PROJECT_VERSION = 1;
				DEVELOPMENT_TEAM = BXF2Y7X5P8;
				GENERATE_INFOPLIST_FILE = NO;
				INFOPLIST_FILE = WorkoutCave/Info.plist;
				INFOPLIST_KEY_CFBundleDisplayName = "Workout Cave";
				INFOPLIST_KEY_LSApplicationCategoryType = "public.app-category.healthcare-fitness";
				INFOPLIST_KEY_UIApplicationSupportsIndirectInputEvents = YES;
				INFOPLIST_KEY_UILaunchScreen_Generation = YES;
				INFOPLIST_KEY_UILaunchScreen_Generation_LaunchScreen = YES;
				INFOPLIST_KEY_UISupportedInterfaceOrientations_iPad = "UIInterfaceOrientationPortrait UIInterfaceOrientationPortraitUpsideDown UIInterfaceOrientationLandscapeLeft UIInterfaceOrientationLandscapeRight";
				INFOPLIST_KEY_UISupportedInterfaceOrientations_iPhone = "";
				IPHONEOS_DEPLOYMENT_TARGET = 17;
				LD_RUNPATH_SEARCH_PATHS = (
					"$(inherited)",
					"@executable_path/Frameworks",
				);
				MARKETING_VERSION = 1.0;
				PRODUCT_BUNDLE_IDENTIFIER = com.workoutcave.app;
				PRODUCT_NAME = "$(TARGET_NAME)";
				SUPPORTED_PLATFORMS = "iphoneos iphonesimulator";
				SUPPORTS_MACCATALYST = NO;
				SWIFT_EMIT_LOC_STRINGS = YES;
				SWIFT_VERSION = 5.0;
				TARGETED_DEVICE_FAMILY = "1,2";
			};
			name = Release;
		};
		B10800232F315700000008 /* Debug */ = {
			isa = XCBuildConfiguration;
			buildSettings = {
				BUNDLE_LOADER = "$(TEST_HOST)";
				CODE_SIGN_STYLE = Automatic;
				CURRENT_PROJECT_VERSION = 1;
				GENERATE_INFOPLIST_FILE = YES;
				IPHONEOS_DEPLOYMENT_TARGET = 17.0;
				MARKETING_VERSION = 1.0;
				PRODUCT_BUNDLE_IDENTIFIER = com.workoutcave.app.WorkoutCaveTests;
				PRODUCT_NAME = "$(TARGET_NAME)";
				SWIFT_EMIT_LOC_STRINGS = NO;
				SWIFT_VERSION = 5.0;
				TARGETED_DEVICE_FAMILY = "1,2";
				TEST_HOST = "$(BUILT_PRODUCTS_DIR)/WorkoutCave.app/WorkoutCave";
			};
			name = Debug;
		};
		B10900242F315700000009 /* Release */ = {
			isa = XCBuildConfiguration;
			buildSettings = {
				BUNDLE_LOADER = "$(TEST_HOST)";
				CODE_SIGN_STYLE = Automatic;
				CURRENT_PROJECT_VERSION = 1;
				GENERATE_INFOPLIST_FILE = YES;
				IPHONEOS_DEPLOYMENT_TARGET = 17.0;
				MARKETING_VERSION = 1.0;
				PRODUCT_BUNDLE_IDENTIFIER = com.workoutcave.app.WorkoutCaveTests;
				PRODUCT_NAME = "$(TARGET_NAME)";
				SWIFT_EMIT_LOC_STRINGS = NO;
				SWIFT_VERSION = 5.0;
				TARGETED_DEVICE_FAMILY = "1,2";
				TEST_HOST = "$(BUILT_PRODUCTS_DIR)/WorkoutCave.app/WorkoutCave";
			};
			name = Release;
		};
/* End XCBuildConfiguration section */

/* Begin XCConfigurationList section */
		A1000018 /* Build configuration list for PBXNativeTarget "WorkoutCave" */ = {
			isa = XCConfigurationList;
			buildConfigurations = (
				A1000025 /* Debug */,
				A1000026 /* Release */,
			);
			defaultConfigurationIsVisible = 0;
			defaultConfigurationName = Release;
		};
		B10700182F315700000007 /* Build configuration list for PBXNativeTarget "WorkoutCaveTests" */ = {
			isa = XCConfigurationList;
			buildConfigurations = (
				B10800232F315700000008 /* Debug */,
				B10900242F315700000009 /* Release */,
			);
			defaultConfigurationIsVisible = 0;
			defaultConfigurationName = Release;
		};
		A1000022 /* Build configuration list for PBXProject "WorkoutCave" */ = {
			isa = XCConfigurationList;
			buildConfigurations = (
				A1000023 /* Debug */,
				A1000024 /* Release */,
			);
			defaultConfigurationIsVisible = 0;
			defaultConfigurationName = Release;
		};
/* End XCConfigurationList section */

/* Begin XCRemoteSwiftPackageReference section */
		651C9F252F3153610057B4AD /* XCRemoteSwiftPackageReference "supabase-swift" */ = {
			isa = XCRemoteSwiftPackageReference;
			repositoryURL = "https://github.com/supabase/supabase-swift.git";
			requirement = {
				kind = upToNextMajorVersion;
				minimumVersion = 2.5.1;
			};
		};
/* End XCRemoteSwiftPackageReference section */

/* Begin XCSwiftPackageProductDependency section */
		651C9F2A2F3153A50057B4AD /* Supabase */ = {
			isa = XCSwiftPackageProductDependency;
			package = 651C9F252F3153610057B4AD /* XCRemoteSwiftPackageReference "supabase-swift" */;
			productName = Supabase;
		};
		658349382F31570F00F517A1 /* Supabase */ = {
			isa = XCSwiftPackageProductDependency;
			package = 651C9F252F3153610057B4AD /* XCRemoteSwiftPackageReference "supabase-swift" */;
			productName = Supabase;
		};
/* End XCSwiftPackageProductDependency section */
	};
	rootObject = A1000021 /* Project object */;
}
